
Microsoft Visual Studio Solution File, Format Version 12.00
# Visual Studio Version 17
VisualStudioVersion = 17.2.32505.173
MinimumVisualStudioVersion = 10.0.40219.1
Project("{9A19103F-16F7-4668-BE54-9A1E7A4F7556}") = "FileManager.Cli", "FileManager.Console\FileManager.Cli.csproj", "{8EF269DB-8541-4D44-BC6C-9561DDD79A54}"
EndProject
Project("{9A19103F-16F7-4668-BE54-9A1E7A4F7556}") = "FileManager.Core", "FileManager.Core\FileManager.Core.csproj", "{F6CE58B3-51D6-4EDE-9CDE-38BC7B841B9B}"
EndProject
Project("{9A19103F-16F7-4668-BE54-9A1E7A4F7556}") = "FileManager.Infrastructure", "FileManager.Infrastructure\FileManager.Infrastructure.csproj", "{65C9B3C8-0101-4FF0-8755-01A34C8CCE7B}"
EndProject
Project("{2150E333-8FDC-42A3-9474-1A3956D46DE8}") = "Docs", "Docs", "{8EC462FD-D22E-90A8-E5CE-7E832BA40C5D}"
	ProjectSection(SolutionItems) = preProject
		Docs\ARCHITECTURE.md = Docs\ARCHITECTURE.md
		Docs\DATA_FLOW.md = Docs\DATA_FLOW.md
		Docs\DOMAIN_MODEL.md = Docs\DOMAIN_MODEL.md
		Docs\INDEX_ENGINE.md = Docs\INDEX_ENGINE.md
		Docs\PERFORMANCE.md = Docs\PERFORMANCE.md
		Docs\PRD.md = Docs\PRD.md
		Docs\ROADMAP.md = Docs\ROADMAP.md
	EndProjectSection
EndProject
Project("{2150E333-8FDC-42A3-9474-1A3956D46DE8}") = "ADR", "ADR", "{686FAE74-0CEB-44E0-92DE-ABE9DF03729C}"
	ProjectSection(SolutionItems) = preProject
		Docs\decisions\ADR-001-Architecture.md = Docs\decisions\ADR-001-Architecture.md
		Docs\decisions\ADR-002-IndexEngine.md = Docs\decisions\ADR-002-IndexEngine.md
		Docs\decisions\ADR-003-VirtualFolders.md = Docs\decisions\ADR-003-VirtualFolders.md
		Docs\decisions\ADR-004-Indexing-Strategy.md = Docs\decisions\ADR-004-Indexing-Strategy.md
	EndProjectSection
EndProject
Project("{2150E333-8FDC-42A3-9474-1A3956D46DE8}") = "c4", "c4", "{02EA681E-C7D8-13C7-8484-4AC65E1B71E8}"
EndProject
Project("{2150E333-8FDC-42A3-9474-1A3956D46DE8}") = "tests", "tests", "{0AB3BF05-4346-4AA6-1389-037BE0695223}"
EndProject
Project("{FAE04EC0-301F-11D3-BF4B-00C04F79EFBC}") = "FileManager.Core.Tests", "tests\FileManager.Core.Tests\FileManager.Core.Tests.csproj", "{636B9406-F39D-4B05-9A46-063C4406CBF5}"
EndProject
Project("{FAE04EC0-301F-11D3-BF4B-00C04F79EFBC}") = "FileManager.Infrastructure.Tests", "tests\FileManager.Infrastructure.Tests\FileManager.Infrastructure.Tests.csproj", "{9E24A014-270C-487F-A1CE-64D3AAED358D}"
EndProject
Project("{FAE04EC0-301F-11D3-BF4B-00C04F79EFBC}") = "FileManager.Integration.Tests", "tests\FileManager.Integration.Tests\FileManager.Integration.Tests.csproj", "{DA36AAAC-76CA-49CA-A476-06BBCBF6BE5A}"
EndProject
Global
	GlobalSection(SolutionConfigurationPlatforms) = preSolution
		Debug|Any CPU = Debug|Any CPU
		Debug|x64 = Debug|x64
		Debug|x86 = Debug|x86
		Release|Any CPU = Release|Any CPU
		Release|x64 = Release|x64
		Release|x86 = Release|x86
	EndGlobalSection
	GlobalSection(ProjectConfigurationPlatforms) = postSolution
		{8EF269DB-8541-4D44-BC6C-9561DDD79A54}.Debug|Any CPU.ActiveCfg = Debug|Any CPU
		{8EF269DB-8541-4D44-BC6C-9561DDD79A54}.Debug|Any CPU.Build.0 = Debug|Any CPU
		{8EF269DB-8541-4D44-BC6C-9561DDD79A54}.Debug|x64.ActiveCfg = Debug|Any CPU
		{8EF269DB-8541-4D44-BC6C-9561DDD79A54}.Debug|x64.Build.0 = Debug|Any CPU
		{8EF269DB-8541-4D44-BC6C-9561DDD79A54}.Debug|x86.ActiveCfg = Debug|Any CPU
		{8EF269DB-8541-4D44-BC6C-9561DDD79A54}.Debug|x86.Build.0 = Debug|Any CPU
		{8EF269DB-8541-4D44-BC6C-9561DDD79A54}.Release|Any CPU.ActiveCfg = Release|Any CPU
		{8EF269DB-8541-4D44-BC6C-9561DDD79A54}.Release|Any CPU.Build.0 = Release|Any CPU
		{8EF269DB-8541-4D44-BC6C-9561DDD79A54}.Release|x64.ActiveCfg = Release|Any CPU
		{8EF269DB-8541-4D44-BC6C-9561DDD79A54}.Release|x64.Build.0 = Release|Any CPU
		{8EF269DB-8541-4D44-BC6C-9561DDD79A54}.Release|x86.ActiveCfg = Release|Any CPU
		{8EF269DB-8541-4D44-BC6C-9561DDD79A54}.Release|x86.Build.0 = Release|Any CPU
		{F6CE58B3-51D6-4EDE-9CDE-38BC7B841B9B}.Debug|Any CPU.ActiveCfg = Debug|Any CPU
		{F6CE58B3-51D6-4EDE-9CDE-38BC7B841B9B}.Debug|Any CPU.Build.0 = Debug|Any CPU
		{F6CE58B3-51D6-4EDE-9CDE-38BC7B841B9B}.Debug|x64.ActiveCfg = Debug|Any CPU
		{F6CE58B3-51D6-4EDE-9CDE-38BC7B841B9B}.Debug|x64.Build.0 = Debug|Any CPU
		{F6CE58B3-51D6-4EDE-9CDE-38BC7B841B9B}.Debug|x86.ActiveCfg = Debug|Any CPU
		{F6CE58B3-51D6-4EDE-9CDE-38BC7B841B9B}.Debug|x86.Build.0 = Debug|Any CPU
		{F6CE58B3-51D6-4EDE-9CDE-38BC7B841B9B}.Release|Any CPU.ActiveCfg = Release|Any CPU
		{F6CE58B3-51D6-4EDE-9CDE-38BC7B841B9B}.Release|Any CPU.Build.0 = Release|Any CPU
		{F6CE58B3-51D6-4EDE-9CDE-38BC7B841B9B}.Release|x64.ActiveCfg = Release|Any CPU
		{F6CE58B3-51D6-4EDE-9CDE-38BC7B841B9B}.Release|x64.Build.0 = Release|Any CPU
		{F6CE58B3-51D6-4EDE-9CDE-38BC7B841B9B}.Release|x86.ActiveCfg = Release|Any CPU
		{F6CE58B3-51D6-4EDE-9CDE-38BC7B841B9B}.Release|x86.Build.0 = Release|Any CPU
		{65C9B3C8-0101-4FF0-8755-01A34C8CCE7B}.Debug|Any CPU.ActiveCfg = Debug|Any CPU
		{65C9B3C8-0101-4FF0-8755-01A34C8CCE7B}.Debug|Any CPU.Build.0 = Debug|Any CPU
		{65C9B3C8-0101-4FF0-8755-01A34C8CCE7B}.Debug|x64.ActiveCfg = Debug|Any CPU
		{65C9B3C8-0101-4FF0-8755-01A34C8CCE7B}.Debug|x64.Build.0 = Debug|Any CPU
		{65C9B3C8-0101-4FF0-8755-01A34C8CCE7B}.Debug|x86.ActiveCfg = Debug|Any CPU
		{65C9B3C8-0101-4FF0-8755-01A34C8CCE7B}.Debug|x86.Build.0 = Debug|Any CPU
		{65C9B3C8-0101-4FF0-8755-01A34C8CCE7B}.Release|Any CPU.ActiveCfg = Release|Any CPU
		{65C9B3C8-0101-4FF0-8755-01A34C8CCE7B}.Release|Any CPU.Build.0 = Release|Any CPU
		{65C9B3C8-0101-4FF0-8755-01A34C8CCE7B}.Release|x64.ActiveCfg = Release|Any CPU
		{65C9B3C8-0101-4FF0-8755-01A34C8CCE7B}.Release|x64.Build.0 = Release|Any CPU
		{65C9B3C8-0101-4FF0-8755-01A34C8CCE7B}.Release|x86.ActiveCfg = Release|Any CPU
		{65C9B3C8-0101-4FF0-8755-01A34C8CCE7B}.Release|x86.Build.0 = Release|Any CPU
		{636B9406-F39D-4B05-9A46-063C4406CBF5}.Debug|Any CPU.ActiveCfg = Debug|Any CPU
		{636B9406-F39D-4B05-9A46-063C4406CBF5}.Debug|Any CPU.Build.0 = Debug|Any CPU
		{636B9406-F39D-4B05-9A46-063C4406CBF5}.Debug|x64.ActiveCfg = Debug|Any CPU
		{636B9406-F39D-4B05-9A46-063C4406CBF5}.Debug|x64.Build.0 = Debug|Any CPU
		{636B9406-F39D-4B05-9A46-063C4406CBF5}.Debug|x86.ActiveCfg = Debug|Any CPU
		{636B9406-F39D-4B05-9A46-063C4406CBF5}.Debug|x86.Build.0 = Debug|Any CPU
		{636B9406-F39D-4B05-9A46-063C4406CBF5}.Release|Any CPU.ActiveCfg = Release|Any CPU
		{636B9406-F39D-4B05-9A46-063C4406CBF5}.Release|Any CPU.Build.0 = Release|Any CPU
		{636B9406-F39D-4B05-9A46-063C4406CBF5}.Release|x64.ActiveCfg = Release|Any CPU
		{636B9406-F39D-4B05-9A46-063C4406CBF5}.Release|x64.Build.0 = Release|Any CPU
		{636B9406-F39D-4B05-9A46-063C4406CBF5}.Release|x86.ActiveCfg = Release|Any CPU
		{636B9406-F39D-4B05-9A46-063C4406CBF5}.Release|x86.Build.0 = Release|Any CPU
		{9E24A014-270C-487F-A1CE-64D3AAED358D}.Debug|Any CPU.ActiveCfg = Debug|Any CPU
		{9E24A014-270C-487F-A1CE-64D3AAED358D}.Debug|Any CPU.Build.0 = Debug|Any CPU
		{9E24A014-270C-487F-A1CE-64D3AAED358D}.Debug|x64.ActiveCfg = Debug|Any CPU
		{9E24A014-270C-487F-A1CE-64D3AAED358D}.Debug|x64.Build.0 = Debug|Any CPU
		{9E24A014-270C-487F-A1CE-64D3AAED358D}.Debug|x86.ActiveCfg = Debug|Any CPU
		{9E24A014-270C-487F-A1CE-64D3AAED358D}.Debug|x86.Build.0 = Debug|Any CPU
		{9E24A014-270C-487F-A1CE-64D3AAED358D}.Release|Any CPU.ActiveCfg = Release|Any CPU
		{9E24A014-270C-487F-A1CE-64D3AAED358D}.Release|Any CPU.Build.0 = Release|Any CPU
		{9E24A014-270C-487F-A1CE-64D3AAED358D}.Release|x64.ActiveCfg = Release|Any CPU
		{9E24A014-270C-487F-A1CE-64D3AAED358D}.Release|x64.Build.0 = Release|Any CPU
		{9E24A014-270C-487F-A1CE-64D3AAED358D}.Release|x86.ActiveCfg = Release|Any CPU
		{9E24A014-270C-487F-A1CE-64D3AAED358D}.Release|x86.Build.0 = Release|Any CPU
		{DA36AAAC-76CA-49CA-A476-06BBCBF6BE5A}.Debug|Any CPU.ActiveCfg = Debug|Any CPU
		{DA36AAAC-76CA-49CA-A476-06BBCBF6BE5A}.Debug|Any CPU.Build.0 = Debug|Any CPU
		{DA36AAAC-76CA-49CA-A476-06BBCBF6BE5A}.Debug|x64.ActiveCfg = Debug|Any CPU
		{DA36AAAC-76CA-49CA-A476-06BBCBF6BE5A}.Debug|x64.Build.0 = Debug|Any CPU
		{DA36AAAC-76CA-49CA-A476-06BBCBF6BE5A}.Debug|x86.ActiveCfg = Debug|Any CPU
		{DA36AAAC-76CA-49CA-A476-06BBCBF6BE5A}.Debug|x86.Build.0 = Debug|Any CPU
		{DA36AAAC-76CA-49CA-A476-06BBCBF6BE5A}.Release|Any CPU.ActiveCfg = Release|Any CPU
		{DA36AAAC-76CA-49CA-A476-06BBCBF6BE5A}.Release|Any CPU.Build.0 = Release|Any CPU
		{DA36AAAC-76CA-49CA-A476-06BBCBF6BE5A}.Release|x64.ActiveCfg = Release|Any CPU
		{DA36AAAC-76CA-49CA-A476-06BBCBF6BE5A}.Release|x64.Build.0 = Release|Any CPU
		{DA36AAAC-76CA-49CA-A476-06BBCBF6BE5A}.Release|x86.ActiveCfg = Release|Any CPU
		{DA36AAAC-76CA-49CA-A476-06BBCBF6BE5A}.Release|x86.Build.0 = Release|Any CPU
	EndGlobalSection
	GlobalSection(SolutionProperties) = preSolution
		HideSolutionNode = FALSE
	EndGlobalSection
	GlobalSection(NestedProjects) = preSolution
		{686FAE74-0CEB-44E0-92DE-ABE9DF03729C} = {8EC462FD-D22E-90A8-E5CE-7E832BA40C5D}
		{02EA681E-C7D8-13C7-8484-4AC65E1B71E8} = {8EC462FD-D22E-90A8-E5CE-7E832BA40C5D}
		{636B9406-F39D-4B05-9A46-063C4406CBF5} = {0AB3BF05-4346-4AA6-1389-037BE0695223}
		{9E24A014-270C-487F-A1CE-64D3AAED358D} = {0AB3BF05-4346-4AA6-1389-037BE0695223}
		{DA36AAAC-76CA-49CA-A476-06BBCBF6BE5A} = {0AB3BF05-4346-4AA6-1389-037BE0695223}
	EndGlobalSection
	GlobalSection(ExtensibilityGlobals) = postSolution
		SolutionGuid = {FA3436CF-DD0C-46DA-99E9-9B9716AD530E}
	EndGlobalSection
EndGlobal
